
Microsoft Visual Studio Solution File, Format Version 12.00
# Visual Studio 15
VisualStudioVersion = 15.0.26430.16
MinimumVisualStudioVersion = 10.0.40219.1
Project("{FAE04EC0-301F-11D3-BF4B-00C04F79EFBC}") = "HIMS.WebAPI", "HIMS.WebAPI\HIMS.WebAPI.csproj", "{A6F63FFB-27DB-47EF-B088-B5B301FEEECF}"
EndProject
Project("{2150E333-8FDC-42A3-9474-1A3956D46DE8}") = "HIMS.Presentation", "HIMS.Presentation", "{AA89E160-D0F8-4C6E-BD5F-B1C94383A82B}"
EndProject
Project("{2150E333-8FDC-42A3-9474-1A3956D46DE8}") = "HIMS.Data", "HIMS.Data", "{256EBFBE-C3B6-4557-8DCC-6922A109E534}"
EndProject
Project("{2150E333-8FDC-42A3-9474-1A3956D46DE8}") = "HIMS.Business", "HIMS.Business", "{8BEC2237-83B5-4B74-8A48-E77092ADD4E7}"
EndProject
Project("{2150E333-8FDC-42A3-9474-1A3956D46DE8}") = "HIMS.Test", "HIMS.Test", "{29117B6C-19AE-4DF1-9B5D-7577018D97C9}"
EndProject
Project("{FAE04EC0-301F-11D3-BF4B-00C04F79EFBC}") = "HIMS.Tests", "HIMS.Tests\HIMS.Tests.csproj", "{EBDAD7FF-83C7-4BAA-9637-6D38C50951CB}"
EndProject
Project("{FAE04EC0-301F-11D3-BF4B-00C04F79EFBC}") = "HIMS.Data", "HIMS.DAL\HIMS.Data.csproj", "{61334E9F-8FD3-4A16-B216-27501963C799}"
EndProject
Project("{FAE04EC0-301F-11D3-BF4B-00C04F79EFBC}") = "HIMS.Data.Model", "Model\HIMS.Data.Model.csproj", "{C460D18B-5B7D-4AAE-8C7C-2CEBCBA1872D}"
EndProject
Project("{FAE04EC0-301F-11D3-BF4B-00C04F79EFBC}") = "HIMS.Data.Persistence", "Persistence\HIMS.Data.Persistence.csproj", "{6DA7E92F-DBEF-4451-B057-C27B700DF732}"
EndProject
Project("{FAE04EC0-301F-11D3-BF4B-00C04F79EFBC}") = "HIMS.BusinessLogic", "HIMS.BusinessLogic\HIMS.BusinessLogic.csproj", "{956258F5-7CD6-4C8B-8C8E-670BFF76CBB3}"
EndProject
Project("{E24C65DC-7377-472B-9ABA-BC803B73C61A}") = "HIMS.Client", "HIMS.Client\", "{622A1CFC-643D-4D88-98A9-5E3389958413}"
	ProjectSection(WebsiteProperties) = preProject
		TargetFrameworkMoniker = ".NETFramework,Version%3Dv4.6.1"
		Debug.AspNetCompiler.VirtualPath = "/localhost_22394"
		Debug.AspNetCompiler.PhysicalPath = "HIMS.Client\"
		Debug.AspNetCompiler.TargetPath = "PrecompiledWeb\localhost_22394\"
		Debug.AspNetCompiler.Updateable = "true"
		Debug.AspNetCompiler.ForceOverwrite = "true"
		Debug.AspNetCompiler.FixedNames = "false"
		Debug.AspNetCompiler.Debug = "True"
		Release.AspNetCompiler.VirtualPath = "/localhost_22394"
		Release.AspNetCompiler.PhysicalPath = "HIMS.Client\"
		Release.AspNetCompiler.TargetPath = "PrecompiledWeb\localhost_22394\"
		Release.AspNetCompiler.Updateable = "true"
		Release.AspNetCompiler.ForceOverwrite = "true"
		Release.AspNetCompiler.FixedNames = "false"
		Release.AspNetCompiler.Debug = "False"
		VWDPort = "22394"
		SlnRelativePath = "HIMS.Client\"
		DefaultWebSiteLanguage = "Visual C#"
	EndProjectSection
EndProject
Project("{FAE04EC0-301F-11D3-BF4B-00C04F79EFBC}") = "HIMS.Data.Identity", "HIMS.Data.Identity\HIMS.Data.Identity.csproj", "{CDCB060A-47CE-4F7F-BF01-D8962D63C12D}"
EndProject
Global
	GlobalSection(SolutionConfigurationPlatforms) = preSolution
		Debug|Any CPU = Debug|Any CPU
		Release|Any CPU = Release|Any CPU
	EndGlobalSection
	GlobalSection(ProjectConfigurationPlatforms) = postSolution
		{A6F63FFB-27DB-47EF-B088-B5B301FEEECF}.Debug|Any CPU.ActiveCfg = Debug|Any CPU
		{A6F63FFB-27DB-47EF-B088-B5B301FEEECF}.Debug|Any CPU.Build.0 = Debug|Any CPU
		{A6F63FFB-27DB-47EF-B088-B5B301FEEECF}.Release|Any CPU.ActiveCfg = Release|Any CPU
		{A6F63FFB-27DB-47EF-B088-B5B301FEEECF}.Release|Any CPU.Build.0 = Release|Any CPU
		{EBDAD7FF-83C7-4BAA-9637-6D38C50951CB}.Debug|Any CPU.ActiveCfg = Debug|Any CPU
		{EBDAD7FF-83C7-4BAA-9637-6D38C50951CB}.Debug|Any CPU.Build.0 = Debug|Any CPU
		{EBDAD7FF-83C7-4BAA-9637-6D38C50951CB}.Release|Any CPU.ActiveCfg = Release|Any CPU
		{EBDAD7FF-83C7-4BAA-9637-6D38C50951CB}.Release|Any CPU.Build.0 = Release|Any CPU
		{61334E9F-8FD3-4A16-B216-27501963C799}.Debug|Any CPU.ActiveCfg = Debug|Any CPU
		{61334E9F-8FD3-4A16-B216-27501963C799}.Debug|Any CPU.Build.0 = Debug|Any CPU
		{61334E9F-8FD3-4A16-B216-27501963C799}.Release|Any CPU.ActiveCfg = Release|Any CPU
		{61334E9F-8FD3-4A16-B216-27501963C799}.Release|Any CPU.Build.0 = Release|Any CPU
		{C460D18B-5B7D-4AAE-8C7C-2CEBCBA1872D}.Debug|Any CPU.ActiveCfg = Debug|Any CPU
		{C460D18B-5B7D-4AAE-8C7C-2CEBCBA1872D}.Debug|Any CPU.Build.0 = Debug|Any CPU
		{C460D18B-5B7D-4AAE-8C7C-2CEBCBA1872D}.Release|Any CPU.ActiveCfg = Release|Any CPU
		{C460D18B-5B7D-4AAE-8C7C-2CEBCBA1872D}.Release|Any CPU.Build.0 = Release|Any CPU
		{6DA7E92F-DBEF-4451-B057-C27B700DF732}.Debug|Any CPU.ActiveCfg = Debug|Any CPU
		{6DA7E92F-DBEF-4451-B057-C27B700DF732}.Debug|Any CPU.Build.0 = Debug|Any CPU
		{6DA7E92F-DBEF-4451-B057-C27B700DF732}.Release|Any CPU.ActiveCfg = Release|Any CPU
		{6DA7E92F-DBEF-4451-B057-C27B700DF732}.Release|Any CPU.Build.0 = Release|Any CPU
		{956258F5-7CD6-4C8B-8C8E-670BFF76CBB3}.Debug|Any CPU.ActiveCfg = Debug|Any CPU
		{956258F5-7CD6-4C8B-8C8E-670BFF76CBB3}.Debug|Any CPU.Build.0 = Debug|Any CPU
		{956258F5-7CD6-4C8B-8C8E-670BFF76CBB3}.Release|Any CPU.ActiveCfg = Release|Any CPU
		{956258F5-7CD6-4C8B-8C8E-670BFF76CBB3}.Release|Any CPU.Build.0 = Release|Any CPU
		{622A1CFC-643D-4D88-98A9-5E3389958413}.Debug|Any CPU.ActiveCfg = Debug|Any CPU
		{622A1CFC-643D-4D88-98A9-5E3389958413}.Debug|Any CPU.Build.0 = Debug|Any CPU
		{622A1CFC-643D-4D88-98A9-5E3389958413}.Release|Any CPU.ActiveCfg = Debug|Any CPU
		{622A1CFC-643D-4D88-98A9-5E3389958413}.Release|Any CPU.Build.0 = Debug|Any CPU
		{CDCB060A-47CE-4F7F-BF01-D8962D63C12D}.Debug|Any CPU.ActiveCfg = Debug|Any CPU
		{CDCB060A-47CE-4F7F-BF01-D8962D63C12D}.Debug|Any CPU.Build.0 = Debug|Any CPU
		{CDCB060A-47CE-4F7F-BF01-D8962D63C12D}.Release|Any CPU.ActiveCfg = Release|Any CPU
		{CDCB060A-47CE-4F7F-BF01-D8962D63C12D}.Release|Any CPU.Build.0 = Release|Any CPU
	EndGlobalSection
	GlobalSection(SolutionProperties) = preSolution
		HideSolutionNode = FALSE
	EndGlobalSection
	GlobalSection(NestedProjects) = preSolution
		{A6F63FFB-27DB-47EF-B088-B5B301FEEECF} = {AA89E160-D0F8-4C6E-BD5F-B1C94383A82B}
		{EBDAD7FF-83C7-4BAA-9637-6D38C50951CB} = {29117B6C-19AE-4DF1-9B5D-7577018D97C9}
		{61334E9F-8FD3-4A16-B216-27501963C799} = {256EBFBE-C3B6-4557-8DCC-6922A109E534}
		{C460D18B-5B7D-4AAE-8C7C-2CEBCBA1872D} = {256EBFBE-C3B6-4557-8DCC-6922A109E534}
		{6DA7E92F-DBEF-4451-B057-C27B700DF732} = {256EBFBE-C3B6-4557-8DCC-6922A109E534}
		{956258F5-7CD6-4C8B-8C8E-670BFF76CBB3} = {8BEC2237-83B5-4B74-8A48-E77092ADD4E7}
		{622A1CFC-643D-4D88-98A9-5E3389958413} = {AA89E160-D0F8-4C6E-BD5F-B1C94383A82B}
		{CDCB060A-47CE-4F7F-BF01-D8962D63C12D} = {256EBFBE-C3B6-4557-8DCC-6922A109E534}
	EndGlobalSection
EndGlobal
